
Microsoft Visual Studio Solution File, Format Version 12.00
# Visual Studio Version 17
VisualStudioVersion = 17.4.33205.214
MinimumVisualStudioVersion = 10.0.40219.1
Project("{9A19103F-16F7-4668-BE54-9A1E7A4F7556}") = "EcommerceDomain", "EcommerceDomain\EcommerceDomain.csproj", "{E388C0CA-AB2E-4E60-958D-4AC0BC3A55F7}"
EndProject
Project("{9A19103F-16F7-4668-BE54-9A1E7A4F7556}") = "EcommercePersistence", "EcommercePersistence\EcommercePersistence.csproj", "{975E8CB8-0295-45FE-8C80-BF939698B17A}"
EndProject
Project("{9A19103F-16F7-4668-BE54-9A1E7A4F7556}") = "API", "API\API.csproj", "{CD5016A7-EB1F-4370-AD84-4897CEB10EDE}"
EndProject
Project("{9A19103F-16F7-4668-BE54-9A1E7A4F7556}") = "EcommerceApplication", "EcommerceApplication\EcommerceApplication.csproj", "{E869D161-4CF6-4651-97B5-9CBF9D2EBA47}"
EndProject
Project("{9A19103F-16F7-4668-BE54-9A1E7A4F7556}") = "EcommerceContract", "EcommerceContract\EcommerceContract.csproj", "{67053195-E777-4638-910F-419D514A5422}"
EndProject
Project("{FAE04EC0-301F-11D3-BF4B-00C04F79EFBC}") = "SharedAbstraction", "SharedAbstraction\SharedAbstraction.csproj", "{58F71C70-0CDA-4650-A63C-34BDD1A86AF4}"
EndProject
Global
	GlobalSection(SolutionConfigurationPlatforms) = preSolution
		Debug|Any CPU = Debug|Any CPU
		Release|Any CPU = Release|Any CPU
	EndGlobalSection
	GlobalSection(ProjectConfigurationPlatforms) = postSolution
		{E388C0CA-AB2E-4E60-958D-4AC0BC3A55F7}.Debug|Any CPU.ActiveCfg = Debug|Any CPU
		{E388C0CA-AB2E-4E60-958D-4AC0BC3A55F7}.Debug|Any CPU.Build.0 = Debug|Any CPU
		{E388C0CA-AB2E-4E60-958D-4AC0BC3A55F7}.Release|Any CPU.ActiveCfg = Release|Any CPU
		{E388C0CA-AB2E-4E60-958D-4AC0BC3A55F7}.Release|Any CPU.Build.0 = Release|Any CPU
		{975E8CB8-0295-45FE-8C80-BF939698B17A}.Debug|Any CPU.ActiveCfg = Debug|Any CPU
		{975E8CB8-0295-45FE-8C80-BF939698B17A}.Debug|Any CPU.Build.0 = Debug|Any CPU
		{975E8CB8-0295-45FE-8C80-BF939698B17A}.Release|Any CPU.ActiveCfg = Release|Any CPU
		{975E8CB8-0295-45FE-8C80-BF939698B17A}.Release|Any CPU.Build.0 = Release|Any CPU
		{CD5016A7-EB1F-4370-AD84-4897CEB10EDE}.Debug|Any CPU.ActiveCfg = Debug|Any CPU
		{CD5016A7-EB1F-4370-AD84-4897CEB10EDE}.Debug|Any CPU.Build.0 = Debug|Any CPU
		{CD5016A7-EB1F-4370-AD84-4897CEB10EDE}.Release|Any CPU.ActiveCfg = Release|Any CPU
		{CD5016A7-EB1F-4370-AD84-4897CEB10EDE}.Release|Any CPU.Build.0 = Release|Any CPU
		{E869D161-4CF6-4651-97B5-9CBF9D2EBA47}.Debug|Any CPU.ActiveCfg = Debug|Any CPU
		{E869D161-4CF6-4651-97B5-9CBF9D2EBA47}.Debug|Any CPU.Build.0 = Debug|Any CPU
		{E869D161-4CF6-4651-97B5-9CBF9D2EBA47}.Release|Any CPU.ActiveCfg = Release|Any CPU
		{E869D161-4CF6-4651-97B5-9CBF9D2EBA47}.Release|Any CPU.Build.0 = Release|Any CPU
		{67053195-E777-4638-910F-419D514A5422}.Debug|Any CPU.ActiveCfg = Debug|Any CPU
		{67053195-E777-4638-910F-419D514A5422}.Debug|Any CPU.Build.0 = Debug|Any CPU
		{67053195-E777-4638-910F-419D514A5422}.Release|Any CPU.ActiveCfg = Release|Any CPU
		{67053195-E777-4638-910F-419D514A5422}.Release|Any CPU.Build.0 = Release|Any CPU
		{58F71C70-0CDA-4650-A63C-34BDD1A86AF4}.Debug|Any CPU.ActiveCfg = Debug|Any CPU
		{58F71C70-0CDA-4650-A63C-34BDD1A86AF4}.Debug|Any CPU.Build.0 = Debug|Any CPU
		{58F71C70-0CDA-4650-A63C-34BDD1A86AF4}.Release|Any CPU.ActiveCfg = Release|Any CPU
		{58F71C70-0CDA-4650-A63C-34BDD1A86AF4}.Release|Any CPU.Build.0 = Release|Any CPU
	EndGlobalSection
	GlobalSection(SolutionProperties) = preSolution
		HideSolutionNode = FALSE
	EndGlobalSection
	GlobalSection(ExtensibilityGlobals) = postSolution
		SolutionGuid = {C726D71D-2F02-47E9-ADFF-D88B681068A0}
	EndGlobalSection
EndGlobal
